{
  "version": 4,
  "terraform_version": "1.6.2",
  "serial": 12,
  "lineage": "1b04edb5-1bb6-a5b1-d321-b70f3209aa33",
  "outputs": {
    "ec2": {
      "value": "i-01ca50aa11206a1e5",
      "type": "string"
    },
    "loadbalancer": {
      "value": "arn:aws:elasticloadbalancing:us-east-1:053445420398:loadbalancer/net/MyNetwork-LB/336cbd628a165f38",
      "type": "string"
    }
  },
  "resources": [
    {
      "mode": "data",
      "type": "aws_subnet",
      "name": "subnet1",
      "provider": "provider[\"registry.terraform.io/hashicorp/aws\"]",
      "instances": [
        {
          "schema_version": 0,
          "attributes": {
            "arn": "arn:aws:ec2:us-east-1:053445420398:subnet/subnet-29021964",
            "assign_ipv6_address_on_creation": false,
            "availability_zone": "us-east-1a",
            "availability_zone_id": "use1-az4",
            "available_ip_address_count": 4091,
            "cidr_block": "172.31.16.0/20",
            "customer_owned_ipv4_pool": "",
            "default_for_az": true,
            "enable_dns64": false,
            "enable_lni_at_device_index": 0,
            "enable_resource_name_dns_a_record_on_launch": false,
            "enable_resource_name_dns_aaaa_record_on_launch": false,
            "filter": null,
            "id": "subnet-29021964",
            "ipv6_cidr_block": "",
            "ipv6_cidr_block_association_id": "",
            "ipv6_native": false,
            "map_customer_owned_ip_on_launch": false,
            "map_public_ip_on_launch": true,
            "outpost_arn": "",
            "owner_id": "053445420398",
            "private_dns_hostname_type_on_launch": "ip-name",
            "state": "available",
            "tags": {
              "Name": "pub6"
            },
            "timeouts": null,
            "vpc_id": "vpc-0bf09476"
          },
          "sensitive_attributes": []
        }
      ]
    },
    {
      "mode": "data",
      "type": "aws_subnet",
      "name": "subnet2",
      "provider": "provider[\"registry.terraform.io/hashicorp/aws\"]",
      "instances": [
        {
          "schema_version": 0,
          "attributes": {
            "arn": "arn:aws:ec2:us-east-1:053445420398:subnet/subnet-f18fdbae",
            "assign_ipv6_address_on_creation": false,
            "availability_zone": "us-east-1b",
            "availability_zone_id": "use1-az6",
            "available_ip_address_count": 4091,
            "cidr_block": "172.31.32.0/20",
            "customer_owned_ipv4_pool": "",
            "default_for_az": true,
            "enable_dns64": false,
            "enable_lni_at_device_index": 0,
            "enable_resource_name_dns_a_record_on_launch": false,
            "enable_resource_name_dns_aaaa_record_on_launch": false,
            "filter": null,
            "id": "subnet-f18fdbae",
            "ipv6_cidr_block": "",
            "ipv6_cidr_block_association_id": "",
            "ipv6_native": false,
            "map_customer_owned_ip_on_launch": false,
            "map_public_ip_on_launch": true,
            "outpost_arn": "",
            "owner_id": "053445420398",
            "private_dns_hostname_type_on_launch": "ip-name",
            "state": "available",
            "tags": {
              "Name": "pub4"
            },
            "timeouts": null,
            "vpc_id": "vpc-0bf09476"
          },
          "sensitive_attributes": []
        }
      ]
    },
    {
      "mode": "data",
      "type": "aws_vpc",
      "name": "vpc",
      "provider": "provider[\"registry.terraform.io/hashicorp/aws\"]",
      "instances": [
        {
          "schema_version": 0,
          "attributes": {
            "arn": "arn:aws:ec2:us-east-1:053445420398:vpc/vpc-0bf09476",
            "cidr_block": "172.31.0.0/16",
            "cidr_block_associations": [
              {
                "association_id": "vpc-cidr-assoc-194a3a76",
                "cidr_block": "172.31.0.0/16",
                "state": "associated"
              }
            ],
            "default": true,
            "dhcp_options_id": "dopt-d61c1cac",
            "enable_dns_hostnames": true,
            "enable_dns_support": true,
            "enable_network_address_usage_metrics": false,
            "filter": null,
            "id": "vpc-0bf09476",
            "instance_tenancy": "default",
            "ipv6_association_id": "",
            "ipv6_cidr_block": "",
            "main_route_table_id": "rtb-b4be5cc5",
            "owner_id": "053445420398",
            "state": null,
            "tags": {
              "Name": "Default VPC"
            },
            "timeouts": null
          },
          "sensitive_attributes": []
        }
      ]
    },
    {
      "mode": "managed",
      "type": "aws_instance",
      "name": "ec2",
      "provider": "provider[\"registry.terraform.io/hashicorp/aws\"]",
      "instances": [
        {
          "schema_version": 1,
          "attributes": {
            "ami": "ami-04823729c75214919",
            "arn": "arn:aws:ec2:us-east-1:053445420398:instance/i-01ca50aa11206a1e5",
            "associate_public_ip_address": true,
            "availability_zone": "us-east-1a",
            "capacity_reservation_specification": [
              {
                "capacity_reservation_preference": "open",
                "capacity_reservation_target": []
              }
            ],
            "cpu_core_count": 1,
            "cpu_options": [
              {
                "amd_sev_snp": "",
                "core_count": 1,
                "threads_per_core": 1
              }
            ],
            "cpu_threads_per_core": 1,
            "credit_specification": [
              {
                "cpu_credits": "standard"
              }
            ],
            "disable_api_stop": false,
            "disable_api_termination": false,
            "ebs_block_device": [],
            "ebs_optimized": false,
            "enclave_options": [
              {
                "enabled": false
              }
            ],
            "ephemeral_block_device": [],
            "get_password_data": false,
            "hibernation": false,
            "host_id": "",
            "host_resource_group_arn": null,
            "iam_instance_profile": "",
            "id": "i-01ca50aa11206a1e5",
            "instance_initiated_shutdown_behavior": "stop",
            "instance_lifecycle": "",
            "instance_market_options": [],
            "instance_state": "running",
            "instance_type": "t2.micro",
            "ipv6_address_count": 0,
            "ipv6_addresses": [],
            "key_name": "WhizKey",
            "launch_template": [],
            "maintenance_options": [
              {
                "auto_recovery": "default"
              }
            ],
            "metadata_options": [
              {
                "http_endpoint": "enabled",
                "http_protocol_ipv6": "disabled",
                "http_put_response_hop_limit": 1,
                "http_tokens": "optional",
                "instance_metadata_tags": "disabled"
              }
            ],
            "monitoring": false,
            "network_interface": [],
            "outpost_arn": "",
            "password_data": "",
            "placement_group": "",
            "placement_partition_number": 0,
            "primary_network_interface_id": "eni-03cf993c4e57fa36b",
            "private_dns": "ip-172-31-18-175.ec2.internal",
            "private_dns_name_options": [
              {
                "enable_resource_name_dns_a_record": false,
                "enable_resource_name_dns_aaaa_record": false,
                "hostname_type": "ip-name"
              }
            ],
            "private_ip": "172.31.18.175",
            "public_dns": "ec2-54-88-113-18.compute-1.amazonaws.com",
            "public_ip": "54.88.113.18",
            "root_block_device": [
              {
                "delete_on_termination": true,
                "device_name": "/dev/xvda",
                "encrypted": false,
                "iops": 100,
                "kms_key_id": "",
                "tags": {},
                "throughput": 0,
                "volume_id": "vol-05efcabb6810c3c05",
                "volume_size": 8,
                "volume_type": "gp2"
              }
            ],
            "secondary_private_ips": [],
            "security_groups": [
              "NLBserver-SG"
            ],
            "source_dest_check": true,
            "spot_instance_request_id": "",
            "subnet_id": "subnet-29021964",
            "tags": {
              "Name": "NLBEC2server"
            },
            "tags_all": {
              "Name": "NLBEC2server"
            },
            "tenancy": "default",
            "timeouts": null,
            "user_data": "67546a7b46601ab6555093be9c5a8911dd6cabbc",
            "user_data_base64": null,
            "user_data_replace_on_change": false,
            "volume_tags": null,
            "vpc_security_group_ids": [
              "sg-0a26454973a33764d"
            ]
          },
          "sensitive_attributes": [],
          "private": "eyJlMmJmYjczMC1lY2FhLTExZTYtOGY4OC0zNDM2M2JjN2M0YzAiOnsiY3JlYXRlIjo2MDAwMDAwMDAwMDAsImRlbGV0ZSI6MTIwMDAwMDAwMDAwMCwidXBkYXRlIjo2MDAwMDAwMDAwMDB9LCJzY2hlbWFfdmVyc2lvbiI6IjEifQ==",
          "dependencies": [
            "aws_key_pair.whiz_key",
            "aws_security_group.ec2_sg",
            "data.aws_subnet.subnet1",
            "data.aws_vpc.vpc",
            "tls_private_key.key"
          ]
        }
      ]
    },
    {
      "mode": "managed",
      "type": "aws_key_pair",
      "name": "whiz_key",
      "provider": "provider[\"registry.terraform.io/hashicorp/aws\"]",
      "instances": [
        {
          "schema_version": 1,
          "attributes": {
            "arn": "arn:aws:ec2:us-east-1:053445420398:key-pair/WhizKey",
            "fingerprint": "d0:87:6a:6f:02:8a:b3:0b:97:c9:1b:8b:fc:a2:70:cc",
            "id": "WhizKey",
            "key_name": "WhizKey",
            "key_name_prefix": "",
            "key_pair_id": "key-0c3170bff3261bf51",
            "key_type": "rsa",
            "public_key": "ssh-rsa AAAAB3NzaC1yc2EAAAADAQABAAACAQCln0sU+OgEU2rbroRZVeYRtch54qMIckIKthxA/2Mlluxixq5dRyOPzO7jsJehMBTqfSie943OJ1mxJcadKGBqiV2unXzCJbGZRdFoYdGgqfAcaAE7t8/Aqm7BjZBM4DGSojBErbEv7/P7YqsANMMB8GLkynLrtJg+JmW29k9XYIzHAc01a1S6dae6nxYPHE4tkk6MY9TdFnWcuhhqu9Ie6AmttWKqFESy+opVFVF7I0SSk2CbLZPZPuTCg6I7Bg3kUlvzL/dmf6jLS/75lGUWtgLlJeAE937EV1L+OJNdiIsaEkTD5yUcZ/9vdb1bC7riiM8T3o8yTVYCTP0qjXzo/yIC5DU6zTN9TTmdJbn99ou62pzwkjcdclv9Km/aODURfOhLSngpFdzG+QK4nueh/hi+pV3tqbyf6FyvU+zToe1r/Tga9JrSzqWOVCWTL/8Yi89LKkuKAcLCp9vUOVMHN2DX1dG+I/mTrCBflp2sYg7Kmd8M7WZI6YERp24YXQectdwI4c8ZSBy/ES+c/fYAx2gn2Ubyl9nmgTbxjRcrPp013Qf8Bu7/0iww/y+o3VoA92E8zuG3azFg4QPh+sSTHxpwMU7OCgiYv1DyCKx3JieKmMe8ItAtllPnb8zOsY4sXli9bF5mGqlob4tlIt9eCHM+8piJTd8P/ymjyso6Gw==",
            "tags": null,
            "tags_all": {}
          },
          "sensitive_attributes": [],
          "private": "eyJzY2hlbWFfdmVyc2lvbiI6IjEifQ==",
          "dependencies": [
            "tls_private_key.key"
          ]
        }
      ]
    },
    {
      "mode": "managed",
      "type": "aws_lb",
      "name": "loadbalancer",
      "provider": "provider[\"registry.terraform.io/hashicorp/aws\"]",
      "instances": [
        {
          "schema_version": 0,
          "attributes": {
            "access_logs": [
              {
                "bucket": "",
                "enabled": false,
                "prefix": ""
              }
            ],
            "arn": "arn:aws:elasticloadbalancing:us-east-1:053445420398:loadbalancer/net/MyNetwork-LB/336cbd628a165f38",
            "arn_suffix": "net/MyNetwork-LB/336cbd628a165f38",
            "customer_owned_ipv4_pool": "",
            "desync_mitigation_mode": null,
            "dns_name": "MyNetwork-LB-336cbd628a165f38.elb.us-east-1.amazonaws.com",
            "dns_record_client_routing_policy": "any_availability_zone",
            "drop_invalid_header_fields": null,
            "enable_cross_zone_load_balancing": false,
            "enable_deletion_protection": false,
            "enable_http2": null,
            "enable_tls_version_and_cipher_suite_headers": null,
            "enable_waf_fail_open": null,
            "enable_xff_client_port": null,
            "id": "arn:aws:elasticloadbalancing:us-east-1:053445420398:loadbalancer/net/MyNetwork-LB/336cbd628a165f38",
            "idle_timeout": null,
            "internal": false,
            "ip_address_type": "ipv4",
            "load_balancer_type": "network",
            "name": "MyNetwork-LB",
            "name_prefix": "",
            "preserve_host_header": null,
            "security_groups": [
              "sg-0a26454973a33764d"
            ],
            "subnet_mapping": [
              {
                "allocation_id": "",
                "ipv6_address": "",
                "outpost_id": "",
                "private_ipv4_address": "",
                "subnet_id": "subnet-29021964"
              },
              {
                "allocation_id": "",
                "ipv6_address": "",
                "outpost_id": "",
                "private_ipv4_address": "",
                "subnet_id": "subnet-f18fdbae"
              }
            ],
            "subnets": [
              "subnet-29021964",
              "subnet-f18fdbae"
            ],
            "tags": null,
            "tags_all": {},
            "timeouts": null,
            "vpc_id": "vpc-0bf09476",
            "xff_header_processing_mode": null,
            "zone_id": "Z26RNL4JYFTOTI"
          },
          "sensitive_attributes": [],
          "private": "eyJlMmJmYjczMC1lY2FhLTExZTYtOGY4OC0zNDM2M2JjN2M0YzAiOnsiY3JlYXRlIjo2MDAwMDAwMDAwMDAsImRlbGV0ZSI6NjAwMDAwMDAwMDAwLCJ1cGRhdGUiOjYwMDAwMDAwMDAwMH19",
          "dependencies": [
            "aws_security_group.ec2_sg",
            "data.aws_subnet.subnet1",
            "data.aws_subnet.subnet2",
            "data.aws_vpc.vpc"
          ]
        }
      ]
    },
    {
      "mode": "managed",
      "type": "aws_lb_listener",
      "name": "listner1",
      "provider": "provider[\"registry.terraform.io/hashicorp/aws\"]",
      "instances": [
        {
          "schema_version": 0,
          "attributes": {
            "alpn_policy": null,
            "arn": "arn:aws:elasticloadbalancing:us-east-1:053445420398:listener/net/MyNetwork-LB/336cbd628a165f38/fbebecee4af10960",
            "certificate_arn": null,
            "default_action": [
              {
                "authenticate_cognito": [],
                "authenticate_oidc": [],
                "fixed_response": [],
                "forward": [],
                "order": 1,
                "redirect": [],
                "target_group_arn": "arn:aws:elasticloadbalancing:us-east-1:053445420398:targetgroup/Apache-TG/aacce04a0dda9035",
                "type": "forward"
              }
            ],
            "id": "arn:aws:elasticloadbalancing:us-east-1:053445420398:listener/net/MyNetwork-LB/336cbd628a165f38/fbebecee4af10960",
            "load_balancer_arn": "arn:aws:elasticloadbalancing:us-east-1:053445420398:loadbalancer/net/MyNetwork-LB/336cbd628a165f38",
            "port": 80,
            "protocol": "TCP",
            "ssl_policy": "",
            "tags": null,
            "tags_all": {},
            "timeouts": null
          },
          "sensitive_attributes": [],
          "private": "eyJlMmJmYjczMC1lY2FhLTExZTYtOGY4OC0zNDM2M2JjN2M0YzAiOnsicmVhZCI6NjAwMDAwMDAwMDAwfX0=",
          "dependencies": [
            "aws_lb.loadbalancer",
            "aws_lb_target_group.apache_tg",
            "aws_security_group.ec2_sg",
            "data.aws_subnet.subnet1",
            "data.aws_subnet.subnet2",
            "data.aws_vpc.vpc"
          ]
        }
      ]
    },
    {
      "mode": "managed",
      "type": "aws_lb_listener",
      "name": "listner2",
      "provider": "provider[\"registry.terraform.io/hashicorp/aws\"]",
      "instances": [
        {
          "schema_version": 0,
          "attributes": {
            "alpn_policy": null,
            "arn": "arn:aws:elasticloadbalancing:us-east-1:053445420398:listener/net/MyNetwork-LB/336cbd628a165f38/c5a30b5f6cd70e51",
            "certificate_arn": null,
            "default_action": [
              {
                "authenticate_cognito": [],
                "authenticate_oidc": [],
                "fixed_response": [],
                "forward": [],
                "order": 1,
                "redirect": [],
                "target_group_arn": "arn:aws:elasticloadbalancing:us-east-1:053445420398:targetgroup/Nginx-TG/367796746ae2dbc6",
                "type": "forward"
              }
            ],
            "id": "arn:aws:elasticloadbalancing:us-east-1:053445420398:listener/net/MyNetwork-LB/336cbd628a165f38/c5a30b5f6cd70e51",
            "load_balancer_arn": "arn:aws:elasticloadbalancing:us-east-1:053445420398:loadbalancer/net/MyNetwork-LB/336cbd628a165f38",
            "port": 8080,
            "protocol": "TCP",
            "ssl_policy": "",
            "tags": null,
            "tags_all": {},
            "timeouts": null
          },
          "sensitive_attributes": [],
          "private": "eyJlMmJmYjczMC1lY2FhLTExZTYtOGY4OC0zNDM2M2JjN2M0YzAiOnsicmVhZCI6NjAwMDAwMDAwMDAwfX0=",
          "dependencies": [
            "aws_lb.loadbalancer",
            "aws_lb_target_group.nginx_tg",
            "aws_security_group.ec2_sg",
            "data.aws_subnet.subnet1",
            "data.aws_subnet.subnet2",
            "data.aws_vpc.vpc"
          ]
        }
      ]
    },
    {
      "mode": "managed",
      "type": "aws_lb_target_group",
      "name": "apache_tg",
      "provider": "provider[\"registry.terraform.io/hashicorp/aws\"]",
      "instances": [
        {
          "schema_version": 0,
          "attributes": {
            "arn": "arn:aws:elasticloadbalancing:us-east-1:053445420398:targetgroup/Apache-TG/aacce04a0dda9035",
            "arn_suffix": "targetgroup/Apache-TG/aacce04a0dda9035",
            "connection_termination": false,
            "deregistration_delay": "300",
            "health_check": [
              {
                "enabled": true,
                "healthy_threshold": 3,
                "interval": 30,
                "matcher": "200-399",
                "path": "/",
                "port": "80",
                "protocol": "HTTP",
                "timeout": 5,
                "unhealthy_threshold": 3
              }
            ],
            "id": "arn:aws:elasticloadbalancing:us-east-1:053445420398:targetgroup/Apache-TG/aacce04a0dda9035",
            "ip_address_type": "ipv4",
            "lambda_multi_value_headers_enabled": false,
            "load_balancing_algorithm_type": null,
            "load_balancing_cross_zone_enabled": "use_load_balancer_configuration",
            "name": "Apache-TG",
            "name_prefix": "",
            "port": 80,
            "preserve_client_ip": "true",
            "protocol": "TCP",
            "protocol_version": null,
            "proxy_protocol_v2": false,
            "slow_start": 0,
            "stickiness": [
              {
                "cookie_duration": 0,
                "cookie_name": "",
                "enabled": false,
                "type": "source_ip"
              }
            ],
            "tags": null,
            "tags_all": {},
            "target_failover": [
              {
                "on_deregistration": null,
                "on_unhealthy": null
              }
            ],
            "target_health_state": [
              {
                "enable_unhealthy_connection_termination": true
              }
            ],
            "target_type": "instance",
            "vpc_id": "vpc-0bf09476"
          },
          "sensitive_attributes": [],
          "private": "bnVsbA==",
          "dependencies": [
            "data.aws_vpc.vpc"
          ]
        }
      ]
    },
    {
      "mode": "managed",
      "type": "aws_lb_target_group",
      "name": "nginx_tg",
      "provider": "provider[\"registry.terraform.io/hashicorp/aws\"]",
      "instances": [
        {
          "schema_version": 0,
          "attributes": {
            "arn": "arn:aws:elasticloadbalancing:us-east-1:053445420398:targetgroup/Nginx-TG/367796746ae2dbc6",
            "arn_suffix": "targetgroup/Nginx-TG/367796746ae2dbc6",
            "connection_termination": false,
            "deregistration_delay": "300",
            "health_check": [
              {
                "enabled": true,
                "healthy_threshold": 3,
                "interval": 30,
                "matcher": "200-399",
                "path": "/",
                "port": "8080",
                "protocol": "HTTP",
                "timeout": 5,
                "unhealthy_threshold": 3
              }
            ],
            "id": "arn:aws:elasticloadbalancing:us-east-1:053445420398:targetgroup/Nginx-TG/367796746ae2dbc6",
            "ip_address_type": "ipv4",
            "lambda_multi_value_headers_enabled": false,
            "load_balancing_algorithm_type": null,
            "load_balancing_cross_zone_enabled": "use_load_balancer_configuration",
            "name": "Nginx-TG",
            "name_prefix": "",
            "port": 8080,
            "preserve_client_ip": "true",
            "protocol": "TCP",
            "protocol_version": null,
            "proxy_protocol_v2": false,
            "slow_start": 0,
            "stickiness": [
              {
                "cookie_duration": 0,
                "cookie_name": "",
                "enabled": false,
                "type": "source_ip"
              }
            ],
            "tags": null,
            "tags_all": {},
            "target_failover": [
              {
                "on_deregistration": null,
                "on_unhealthy": null
              }
            ],
            "target_health_state": [
              {
                "enable_unhealthy_connection_termination": true
              }
            ],
            "target_type": "instance",
            "vpc_id": "vpc-0bf09476"
          },
          "sensitive_attributes": [],
          "private": "bnVsbA==",
          "dependencies": [
            "data.aws_vpc.vpc"
          ]
        }
      ]
    },
    {
      "mode": "managed",
      "type": "aws_lb_target_group_attachment",
      "name": "test1",
      "provider": "provider[\"registry.terraform.io/hashicorp/aws\"]",
      "instances": [
        {
          "schema_version": 0,
          "attributes": {
            "availability_zone": null,
            "id": "arn:aws:elasticloadbalancing:us-east-1:053445420398:targetgroup/Apache-TG/aacce04a0dda9035-20231125162001308200000002",
            "port": 80,
            "target_group_arn": "arn:aws:elasticloadbalancing:us-east-1:053445420398:targetgroup/Apache-TG/aacce04a0dda9035",
            "target_id": "i-01ca50aa11206a1e5"
          },
          "sensitive_attributes": [],
          "private": "bnVsbA==",
          "dependencies": [
            "aws_instance.ec2",
            "aws_key_pair.whiz_key",
            "aws_lb_target_group.apache_tg",
            "aws_security_group.ec2_sg",
            "data.aws_subnet.subnet1",
            "data.aws_vpc.vpc",
            "tls_private_key.key"
          ]
        }
      ]
    },
    {
      "mode": "managed",
      "type": "aws_lb_target_group_attachment",
      "name": "test2",
      "provider": "provider[\"registry.terraform.io/hashicorp/aws\"]",
      "instances": [
        {
          "schema_version": 0,
          "attributes": {
            "availability_zone": null,
            "id": "arn:aws:elasticloadbalancing:us-east-1:053445420398:targetgroup/Nginx-TG/367796746ae2dbc6-20231125162001679500000003",
            "port": 8080,
            "target_group_arn": "arn:aws:elasticloadbalancing:us-east-1:053445420398:targetgroup/Nginx-TG/367796746ae2dbc6",
            "target_id": "i-01ca50aa11206a1e5"
          },
          "sensitive_attributes": [],
          "private": "bnVsbA==",
          "dependencies": [
            "aws_instance.ec2",
            "aws_key_pair.whiz_key",
            "aws_lb_target_group.nginx_tg",
            "aws_security_group.ec2_sg",
            "data.aws_subnet.subnet1",
            "data.aws_vpc.vpc",
            "tls_private_key.key"
          ]
        }
      ]
    },
    {
      "mode": "managed",
      "type": "aws_security_group",
      "name": "ec2_sg",
      "provider": "provider[\"registry.terraform.io/hashicorp/aws\"]",
      "instances": [
        {
          "schema_version": 1,
          "attributes": {
            "arn": "arn:aws:ec2:us-east-1:053445420398:security-group/sg-0a26454973a33764d",
            "description": "Security Group to allow traffic to EC2",
            "egress": [
              {
                "cidr_blocks": [
                  "0.0.0.0/0"
                ],
                "description": "",
                "from_port": 0,
                "ipv6_cidr_blocks": [],
                "prefix_list_ids": [],
                "protocol": "-1",
                "security_groups": [],
                "self": false,
                "to_port": 0
              }
            ],
            "id": "sg-0a26454973a33764d",
            "ingress": [
              {
                "cidr_blocks": [
                  "0.0.0.0/0"
                ],
                "description": "",
                "from_port": 22,
                "ipv6_cidr_blocks": [],
                "prefix_list_ids": [],
                "protocol": "tcp",
                "security_groups": [],
                "self": false,
                "to_port": 22
              },
              {
                "cidr_blocks": [
                  "0.0.0.0/0"
                ],
                "description": "",
                "from_port": 8080,
                "ipv6_cidr_blocks": [],
                "prefix_list_ids": [],
                "protocol": "tcp",
                "security_groups": [],
                "self": false,
                "to_port": 8080
              },
              {
                "cidr_blocks": [
                  "0.0.0.0/0"
                ],
                "description": "",
                "from_port": 80,
                "ipv6_cidr_blocks": [],
                "prefix_list_ids": [],
                "protocol": "tcp",
                "security_groups": [],
                "self": false,
                "to_port": 80
              }
            ],
            "name": "NLBserver-SG",
            "name_prefix": "",
            "owner_id": "053445420398",
            "revoke_rules_on_delete": false,
            "tags": null,
            "tags_all": {},
            "timeouts": null,
            "vpc_id": "vpc-0bf09476"
          },
          "sensitive_attributes": [],
          "private": "eyJlMmJmYjczMC1lY2FhLTExZTYtOGY4OC0zNDM2M2JjN2M0YzAiOnsiY3JlYXRlIjo2MDAwMDAwMDAwMDAsImRlbGV0ZSI6OTAwMDAwMDAwMDAwfSwic2NoZW1hX3ZlcnNpb24iOiIxIn0=",
          "dependencies": [
            "data.aws_vpc.vpc"
          ]
        }
      ]
    },
    {
      "mode": "managed",
      "type": "tls_private_key",
      "name": "key",
      "provider": "provider[\"registry.terraform.io/hashicorp/tls\"]",
      "instances": [
        {
          "schema_version": 1,
          "attributes": {
            "algorithm": "RSA",
            "ecdsa_curve": "P224",
            "id": "2a64398e43d7542e7b29093e2811bbbef2c86f38",
            "private_key_openssh": "-----BEGIN OPENSSH PRIVATE KEY-----\nb3BlbnNzaC1rZXktdjEAAAAABG5vbmUAAAAEbm9uZQAAAAAAAAABAAACFwAAAAdz\nc2gtcnNhAAAAAwEAAQAAAgEApZ9LFPjoBFNq266EWVXmEbXIeeKjCHJCCrYcQP9j\nJZbsYsauXUcjj8zu47CXoTAU6n0onveNzidZsSXGnShgaoldrp18wiWxmUXRaGHR\noKnwHGgBO7fPwKpuwY2QTOAxkqIwRK2xL+/z+2KrADTDAfBi5Mpy67SYPiZltvZP\nV2CMxwHNNWtUunWnup8WDxxOLZJOjGPU3RZ1nLoYarvSHugJrbViqhREsvqKVRVR\neyNEkpNgmy2T2T7kwoOiOwYN5FJb8y/3Zn+oy0v++ZRlFrYC5SXgBPd+xFdS/jiT\nXYiLGhJEw+clHGf/b3W9Wwu64ojPE96PMk1WAkz9Ko186P8iAuQ1Os0zfU05nSW5\n/faLutqc8JI3HXJb/Spv2jg1EXzoS0p4KRXcxvkCuJ7nof4YvqVd7am8n+hcr1Ps\n06Hta/04GvSa0s6ljlQlky//GIvPSypLigHCwqfb1DlTBzdg19XRviP5k6wgX5ad\nrGIOypnfDO1mSOmBEaduGF0HnLXcCOHPGUgcvxEvnP32AMdoJ9lG8pfZ5oE28Y0X\nKz6dNd0H/Abu/9IsMP8vqN1aAPdhPM7ht2sxYOED4frEkx8acDFOzgoImL9Q8gis\ndyYnipjHvCLQLZZT52/MzrGOLF5YvWxeZhqpaG+LZSLfXghzPvKYiU3fD/8po8rK\nOhsAAAc4rD4mDaw+Jg0AAAAHc3NoLXJzYQAAAgEApZ9LFPjoBFNq266EWVXmEbXI\neeKjCHJCCrYcQP9jJZbsYsauXUcjj8zu47CXoTAU6n0onveNzidZsSXGnShgaold\nrp18wiWxmUXRaGHRoKnwHGgBO7fPwKpuwY2QTOAxkqIwRK2xL+/z+2KrADTDAfBi\n5Mpy67SYPiZltvZPV2CMxwHNNWtUunWnup8WDxxOLZJOjGPU3RZ1nLoYarvSHugJ\nrbViqhREsvqKVRVReyNEkpNgmy2T2T7kwoOiOwYN5FJb8y/3Zn+oy0v++ZRlFrYC\n5SXgBPd+xFdS/jiTXYiLGhJEw+clHGf/b3W9Wwu64ojPE96PMk1WAkz9Ko186P8i\nAuQ1Os0zfU05nSW5/faLutqc8JI3HXJb/Spv2jg1EXzoS0p4KRXcxvkCuJ7nof4Y\nvqVd7am8n+hcr1Ps06Hta/04GvSa0s6ljlQlky//GIvPSypLigHCwqfb1DlTBzdg\n19XRviP5k6wgX5adrGIOypnfDO1mSOmBEaduGF0HnLXcCOHPGUgcvxEvnP32AMdo\nJ9lG8pfZ5oE28Y0XKz6dNd0H/Abu/9IsMP8vqN1aAPdhPM7ht2sxYOED4frEkx8a\ncDFOzgoImL9Q8gisdyYnipjHvCLQLZZT52/MzrGOLF5YvWxeZhqpaG+LZSLfXghz\nPvKYiU3fD/8po8rKOhsAAAADAQABAAACAEUaQWlusN+dLmiaV/4uKOAayJqSRROx\nGHz/nqo/5E46ukY8P2QL2nqVNtcpRxqpxRBRSDGLeE8bfAC9kjDgN9o7lirU6sjW\nkVMyHj0/EwfF37j6bAlOmA/7DFsVha+NmyFjKmB9WAB4TYQFlvNvEC4u7hQno+tU\nXnEP9EByZIhAcHxX9BblwWRK0sC6v6luVfANq1hIDvhv9oJ94tIlq3XZurAPjisI\naeGDR1RYoLaP8Hx3oUcdrSJna2r9ISMfU4yAEH1W9hJ+ER9BhhD8KXFgX7TcKKvp\n16p0BNytHk9YOTGXjblvJ7zCZ4FJzse+DSuXiU7w/S4vtkMffEHU5thkEioUHMoz\nLvysUBhz4121EU9XP3JEM2zmUL5Mlu5e5IBpO/ruDsMIu19QlbC1DbN6fQ4L/lNf\nOQO3efd24fAa8jaBy9pAMoaG6qhrOEQ5/VClb/A/7EJXOcpgnepPWKXHs+JurR1x\nfnJ7rofTFFcN+jMZiDfSv+kaMhiY19IdCUOLz3ltJWIpa84VTrRkaGbkgn/npqKQ\nCgTigyuCa7lSNu5gMT9VYQT4ahGcCiE9LJS08ZBv9ZvIMM3HljrpN5jI0x+aAeRm\nJOI2dK9WNBU7bL8UyksPMsdyqhToOq2N4Dxoy5Y30KY7paOCpi3BjED2ct10nyJ4\nfsaHBR61MLOBAAABADG6zSycwZ4BSYJUSM7xQQo7ryh1A18ODQzBDuzPV/7peiPq\njgAAl2UZiEQ5sfuBhPwYDxQcbiSrh6AMrNV++7sffJH4t1lX30Yxvoehzjm+77fa\nxAJPG/4IrSfk+I9Uo1qPJEM8qJBo79FA4m3ZwgjW43uqMp9vFdku5O+mWSWR82c4\ntSGeqzZPJAEe5pg6fEES9qd8kypmf66MgwfAhnMTnAgRYLklKe9McDnt4ckWiSOa\nDYI7MYaacLt1YHP5UqGHmwuPh04+NcBRauwOqGDtDuUXDYgnKNSTQa6wbhC2qEF8\ndGfCXM3bUlMrjVO4+JkbK68C1gvr/yobAX0R3FkAAAEBANhH8rpkfcaJRaWbevmy\nlIuJUGKAwu5vQBZviZRIq79TbSRceqYsNaket5FjTmV7lEZZXVf1tS0CTHb0nEED\n4lYy//mOsmTQA+PkiZh0a8wTDuAvD1cIdfb3nUmcga9a37NM3F/4pfKlJCWz0yKt\nki+7uUQ7nD+lg3ul9iRC7mhnlpCSCpf8QaywRqXQNDp/PWVxdqfQd5xOcx3usKNW\nKFzO3OWahJUPPWyV5RfLEAIP37cG4p8JVO5Bud9xhh2yobC7S4m5aLd7SnBKZqwO\na7BCzYNvA4H8ohiFVKpn/DfW2N0Y49cdOQXkelxCmfqolYshkYQU0a5FDwhsPiGz\nP1UAAAEBAMQJtyBQYTOq0WN9u6y9/0i3LWwjR4UrUYJLFDEkYfJ8/HJYPxi/Ihc5\naoSi2R85Cxg18B9N3NXjyqzlnOCj+Ko6LwKXUfrGs2qEqEEnMpqVNO96SEJxWAQ9\nIAcjggy2fv44b/ofFc8aRyKmoug3AqgzmcNVFaZ9jU+kZ/SPRjis5qQjJbdVxQsw\nocCi4EVdypoMhVuk0kAu1MmEVwfLiWrdxVn/Emu6qb35qqrECshJNqhm4nx72eU5\nvr65u0nMRQNOb+Dw74IZlfRVu1gXa+7o1aKqXGpSNZuaEvlgbIjdui4JyHl6aogm\ndF0xRZ4CVNKERY20Lz0GUJnB/LUUM68AAAAAAQID\n-----END OPENSSH PRIVATE KEY-----\n",
            "private_key_pem": "-----BEGIN RSA PRIVATE KEY-----\nMIIJJwIBAAKCAgEApZ9LFPjoBFNq266EWVXmEbXIeeKjCHJCCrYcQP9jJZbsYsau\nXUcjj8zu47CXoTAU6n0onveNzidZsSXGnShgaoldrp18wiWxmUXRaGHRoKnwHGgB\nO7fPwKpuwY2QTOAxkqIwRK2xL+/z+2KrADTDAfBi5Mpy67SYPiZltvZPV2CMxwHN\nNWtUunWnup8WDxxOLZJOjGPU3RZ1nLoYarvSHugJrbViqhREsvqKVRVReyNEkpNg\nmy2T2T7kwoOiOwYN5FJb8y/3Zn+oy0v++ZRlFrYC5SXgBPd+xFdS/jiTXYiLGhJE\nw+clHGf/b3W9Wwu64ojPE96PMk1WAkz9Ko186P8iAuQ1Os0zfU05nSW5/faLutqc\n8JI3HXJb/Spv2jg1EXzoS0p4KRXcxvkCuJ7nof4YvqVd7am8n+hcr1Ps06Hta/04\nGvSa0s6ljlQlky//GIvPSypLigHCwqfb1DlTBzdg19XRviP5k6wgX5adrGIOypnf\nDO1mSOmBEaduGF0HnLXcCOHPGUgcvxEvnP32AMdoJ9lG8pfZ5oE28Y0XKz6dNd0H\n/Abu/9IsMP8vqN1aAPdhPM7ht2sxYOED4frEkx8acDFOzgoImL9Q8gisdyYnipjH\nvCLQLZZT52/MzrGOLF5YvWxeZhqpaG+LZSLfXghzPvKYiU3fD/8po8rKOhsCAwEA\nAQKCAgBFGkFpbrDfnS5omlf+LijgGsiakkUTsRh8/56qP+ROOrpGPD9kC9p6lTbX\nKUcaqcUQUUgxi3hPG3wAvZIw4DfaO5Yq1OrI1pFTMh49PxMHxd+4+mwJTpgP+wxb\nFYWvjZshYypgfVgAeE2EBZbzbxAuLu4UJ6PrVF5xD/RAcmSIQHB8V/QW5cFkStLA\nur+pblXwDatYSA74b/aCfeLSJat12bqwD44rCGnhg0dUWKC2j/B8d6FHHa0iZ2tq\n/SEjH1OMgBB9VvYSfhEfQYYQ/ClxYF+03Cir6deqdATcrR5PWDkxl425bye8wmeB\nSc7Hvg0rl4lO8P0uL7ZDH3xB1ObYZBIqFBzKMy78rFAYc+NdtRFPVz9yRDNs5lC+\nTJbuXuSAaTv67g7DCLtfUJWwtQ2zen0OC/5TXzkDt3n3duHwGvI2gcvaQDKGhuqo\nazhEOf1QpW/wP+xCVznKYJ3qT1ilx7Pibq0dcX5ye66H0xRXDfozGYg30r/pGjIY\nmNfSHQlDi895bSViKWvOFU60ZGhm5IJ/56aikAoE4oMrgmu5UjbuYDE/VWEE+GoR\nnAohPSyUtPGQb/WbyDDNx5Y66TeYyNMfmgHkZiTiNnSvVjQVO2y/FMpLDzLHcqoU\n6DqtjeA8aMuWN9CmO6WjgqYtwYxA9nLddJ8ieH7GhwUetTCzgQKCAQEA2EfyumR9\nxolFpZt6+bKUi4lQYoDC7m9AFm+JlEirv1NtJFx6piw1qR63kWNOZXuURlldV/W1\nLQJMdvScQQPiVjL/+Y6yZNAD4+SJmHRrzBMO4C8PVwh19vedSZyBr1rfs0zcX/il\n8qUkJbPTIq2SL7u5RDucP6WDe6X2JELuaGeWkJIKl/xBrLBGpdA0On89ZXF2p9B3\nnE5zHe6wo1YoXM7c5ZqElQ89bJXlF8sQAg/ftwbinwlU7kG533GGHbKhsLtLiblo\nt3tKcEpmrA5rsELNg28DgfyiGIVUqmf8N9bY3Rjj1x05BeR6XEKZ+qiViyGRhBTR\nrkUPCGw+IbM/VQKCAQEAxAm3IFBhM6rRY327rL3/SLctbCNHhStRgksUMSRh8nz8\nclg/GL8iFzlqhKLZHzkLGDXwH03c1ePKrOWc4KP4qjovApdR+sazaoSoQScympU0\n73pIQnFYBD0gByOCDLZ+/jhv+h8VzxpHIqai6DcCqDOZw1UVpn2NT6Rn9I9GOKzm\npCMlt1XFCzChwKLgRV3KmgyFW6TSQC7UyYRXB8uJat3FWf8Sa7qpvfmqqsQKyEk2\nqGbifHvZ5Tm+vrm7ScxFA05v4PDvghmV9FW7WBdr7ujVoqpcalI1m5oS+WBsiN26\nLgnIeXpqiCZ0XTFFngJU0oRFjbQvPQZQmcH8tRQzrwKCAQAxzWd8OjWoKOXru4C2\nzMNd2jGzbPj2FJIKWIayqYU62kgQjmcDqrx0hAk7JkXgInPDO0K+RWsBwTzAS5VL\nd0yAEuBUo+I6SpgKuw5gF7bW2DCduNhsbxtS0jPaxnoqWd+XFwTL6KK13AcV03Gz\n04oNCcoghyV0lnVPXKjwMqVZTzkhcy+TTdgFntW1ytqr+a62lEkBXYSdbocdhmAQ\nTH+g11WQXWNYO5kmTuHg97Zo8yTNrX0zp99xuZrGdAqw/fgzjP1Y6mPNlEtQziEU\nT4HGpatTL5X8MaNVyCX101oFtahcSSX129nMnI78fa2dRYKh9gnfAzhBS8+pXdt0\nwSS9AoIBABL5Ob8n6HB+vOtbNPngHcAk8oF/3KE38xigOaET+2Lj0+8hOWIkxaDn\nzrZtqIQMGlXKiqYM/C27cVdQleFsHVokbX5btPSHnL/XfQ1pRM2PWWNAO5QqsjEe\n1WW7ew/N7fae8b+MmKjFy1LAPA4rnNc4v04XgxPtHOszZ1hVMZ+0pFIIkNLwuzR9\nDXq+iORN0pkcUx/ukObjYXbrlxzLB07PjhVKybahh2I6stj6RmziISclZhBUUF+O\nOjbtdQIMgjVytwNXbmbyIQBX99zrz2d9I4gt4unrcQLRY7q9KWQJycZA7iVLwtnQ\nlvyaEzna0ejaIn03jkbiwJRRIStJfEMCggEAMbrNLJzBngFJglRIzvFBCjuvKHUD\nXw4NDMEO7M9X/ul6I+qOAACXZRmIRDmx+4GE/BgPFBxuJKuHoAys1X77ux98kfi3\nWVffRjG+h6HOOb7vt9rEAk8b/gitJ+T4j1SjWo8kQzyokGjv0UDibdnCCNbje6oy\nn28V2S7k76ZZJZHzZzi1IZ6rNk8kAR7mmDp8QRL2p3yTKmZ/royDB8CGcxOcCBFg\nuSUp70xwOe3hyRaJI5oNgjsxhppwu3Vgc/lSoYebC4+HTj41wFFq7A6oYO0O5RcN\niCco1JNBrrBuELaoQXx0Z8JczdtSUyuNU7j4mRsrrwLWC+v/KhsBfRHcWQ==\n-----END RSA PRIVATE KEY-----\n",
            "private_key_pem_pkcs8": "-----BEGIN PRIVATE KEY-----\nMIIJQQIBADANBgkqhkiG9w0BAQEFAASCCSswggknAgEAAoICAQCln0sU+OgEU2rb\nroRZVeYRtch54qMIckIKthxA/2Mlluxixq5dRyOPzO7jsJehMBTqfSie943OJ1mx\nJcadKGBqiV2unXzCJbGZRdFoYdGgqfAcaAE7t8/Aqm7BjZBM4DGSojBErbEv7/P7\nYqsANMMB8GLkynLrtJg+JmW29k9XYIzHAc01a1S6dae6nxYPHE4tkk6MY9TdFnWc\nuhhqu9Ie6AmttWKqFESy+opVFVF7I0SSk2CbLZPZPuTCg6I7Bg3kUlvzL/dmf6jL\nS/75lGUWtgLlJeAE937EV1L+OJNdiIsaEkTD5yUcZ/9vdb1bC7riiM8T3o8yTVYC\nTP0qjXzo/yIC5DU6zTN9TTmdJbn99ou62pzwkjcdclv9Km/aODURfOhLSngpFdzG\n+QK4nueh/hi+pV3tqbyf6FyvU+zToe1r/Tga9JrSzqWOVCWTL/8Yi89LKkuKAcLC\np9vUOVMHN2DX1dG+I/mTrCBflp2sYg7Kmd8M7WZI6YERp24YXQectdwI4c8ZSBy/\nES+c/fYAx2gn2Ubyl9nmgTbxjRcrPp013Qf8Bu7/0iww/y+o3VoA92E8zuG3azFg\n4QPh+sSTHxpwMU7OCgiYv1DyCKx3JieKmMe8ItAtllPnb8zOsY4sXli9bF5mGqlo\nb4tlIt9eCHM+8piJTd8P/ymjyso6GwIDAQABAoICAEUaQWlusN+dLmiaV/4uKOAa\nyJqSRROxGHz/nqo/5E46ukY8P2QL2nqVNtcpRxqpxRBRSDGLeE8bfAC9kjDgN9o7\nlirU6sjWkVMyHj0/EwfF37j6bAlOmA/7DFsVha+NmyFjKmB9WAB4TYQFlvNvEC4u\n7hQno+tUXnEP9EByZIhAcHxX9BblwWRK0sC6v6luVfANq1hIDvhv9oJ94tIlq3XZ\nurAPjisIaeGDR1RYoLaP8Hx3oUcdrSJna2r9ISMfU4yAEH1W9hJ+ER9BhhD8KXFg\nX7TcKKvp16p0BNytHk9YOTGXjblvJ7zCZ4FJzse+DSuXiU7w/S4vtkMffEHU5thk\nEioUHMozLvysUBhz4121EU9XP3JEM2zmUL5Mlu5e5IBpO/ruDsMIu19QlbC1DbN6\nfQ4L/lNfOQO3efd24fAa8jaBy9pAMoaG6qhrOEQ5/VClb/A/7EJXOcpgnepPWKXH\ns+JurR1xfnJ7rofTFFcN+jMZiDfSv+kaMhiY19IdCUOLz3ltJWIpa84VTrRkaGbk\ngn/npqKQCgTigyuCa7lSNu5gMT9VYQT4ahGcCiE9LJS08ZBv9ZvIMM3HljrpN5jI\n0x+aAeRmJOI2dK9WNBU7bL8UyksPMsdyqhToOq2N4Dxoy5Y30KY7paOCpi3BjED2\nct10nyJ4fsaHBR61MLOBAoIBAQDYR/K6ZH3GiUWlm3r5spSLiVBigMLub0AWb4mU\nSKu/U20kXHqmLDWpHreRY05le5RGWV1X9bUtAkx29JxBA+JWMv/5jrJk0APj5ImY\ndGvMEw7gLw9XCHX2951JnIGvWt+zTNxf+KXypSQls9MirZIvu7lEO5w/pYN7pfYk\nQu5oZ5aQkgqX/EGssEal0DQ6fz1lcXan0HecTnMd7rCjVihcztzlmoSVDz1sleUX\nyxACD9+3BuKfCVTuQbnfcYYdsqGwu0uJuWi3e0pwSmasDmuwQs2DbwOB/KIYhVSq\nZ/w31tjdGOPXHTkF5HpcQpn6qJWLIZGEFNGuRQ8IbD4hsz9VAoIBAQDECbcgUGEz\nqtFjfbusvf9Ity1sI0eFK1GCSxQxJGHyfPxyWD8YvyIXOWqEotkfOQsYNfAfTdzV\n48qs5Zzgo/iqOi8Cl1H6xrNqhKhBJzKalTTvekhCcVgEPSAHI4IMtn7+OG/6HxXP\nGkcipqLoNwKoM5nDVRWmfY1PpGf0j0Y4rOakIyW3VcULMKHAouBFXcqaDIVbpNJA\nLtTJhFcHy4lq3cVZ/xJruqm9+aqqxArISTaoZuJ8e9nlOb6+ubtJzEUDTm/g8O+C\nGZX0VbtYF2vu6NWiqlxqUjWbmhL5YGyI3bouCch5emqIJnRdMUWeAlTShEWNtC89\nBlCZwfy1FDOvAoIBADHNZ3w6Nago5eu7gLbMw13aMbNs+PYUkgpYhrKphTraSBCO\nZwOqvHSECTsmReAic8M7Qr5FawHBPMBLlUt3TIAS4FSj4jpKmAq7DmAXttbYMJ24\n2GxvG1LSM9rGeipZ35cXBMvoorXcBxXTcbPTig0JyiCHJXSWdU9cqPAypVlPOSFz\nL5NN2AWe1bXK2qv5rraUSQFdhJ1uhx2GYBBMf6DXVZBdY1g7mSZO4eD3tmjzJM2t\nfTOn33G5msZ0CrD9+DOM/VjqY82US1DOIRRPgcalq1Mvlfwxo1XIJfXTWgW1qFxJ\nJfXb2cycjvx9rZ1FgqH2Cd8DOEFLz6ld23TBJL0CggEAEvk5vyfocH6861s0+eAd\nwCTygX/coTfzGKA5oRP7YuPT7yE5YiTFoOfOtm2ohAwaVcqKpgz8LbtxV1CV4Wwd\nWiRtflu09Iecv9d9DWlEzY9ZY0A7lCqyMR7VZbt7D83t9p7xv4yYqMXLUsA8Diuc\n1zi/TheDE+0c6zNnWFUxn7SkUgiQ0vC7NH0Ner6I5E3SmRxTH+6Q5uNhduuXHMsH\nTs+OFUrJtqGHYjqy2PpGbOIhJyVmEFRQX446Nu11AgyCNXK3A1duZvIhAFf33OvP\nZ30jiC3i6etxAtFjur0pZAnJxkDuJUvC2dCW/JoTOdrR6NoifTeORuLAlFEhK0l8\nQwKCAQAxus0snMGeAUmCVEjO8UEKO68odQNfDg0MwQ7sz1f+6Xoj6o4AAJdlGYhE\nObH7gYT8GA8UHG4kq4egDKzVfvu7H3yR+LdZV99GMb6Hoc45vu+32sQCTxv+CK0n\n5PiPVKNajyRDPKiQaO/RQOJt2cII1uN7qjKfbxXZLuTvplklkfNnOLUhnqs2TyQB\nHuaYOnxBEvanfJMqZn+ujIMHwIZzE5wIEWC5JSnvTHA57eHJFokjmg2COzGGmnC7\ndWBz+VKhh5sLj4dOPjXAUWrsDqhg7Q7lFw2IJyjUk0GusG4QtqhBfHRnwlzN21JT\nK41TuPiZGyuvAtYL6/8qGwF9EdxZ\n-----END PRIVATE KEY-----\n",
            "public_key_fingerprint_md5": "e6:13:65:21:0a:da:b1:0c:4c:fd:c4:ec:c5:3b:44:a4",
            "public_key_fingerprint_sha256": "SHA256:R96SXSJu3HH9liyRH0p2ygnobVdYZWIhNjt/AYx0mnw",
            "public_key_openssh": "ssh-rsa AAAAB3NzaC1yc2EAAAADAQABAAACAQCln0sU+OgEU2rbroRZVeYRtch54qMIckIKthxA/2Mlluxixq5dRyOPzO7jsJehMBTqfSie943OJ1mxJcadKGBqiV2unXzCJbGZRdFoYdGgqfAcaAE7t8/Aqm7BjZBM4DGSojBErbEv7/P7YqsANMMB8GLkynLrtJg+JmW29k9XYIzHAc01a1S6dae6nxYPHE4tkk6MY9TdFnWcuhhqu9Ie6AmttWKqFESy+opVFVF7I0SSk2CbLZPZPuTCg6I7Bg3kUlvzL/dmf6jLS/75lGUWtgLlJeAE937EV1L+OJNdiIsaEkTD5yUcZ/9vdb1bC7riiM8T3o8yTVYCTP0qjXzo/yIC5DU6zTN9TTmdJbn99ou62pzwkjcdclv9Km/aODURfOhLSngpFdzG+QK4nueh/hi+pV3tqbyf6FyvU+zToe1r/Tga9JrSzqWOVCWTL/8Yi89LKkuKAcLCp9vUOVMHN2DX1dG+I/mTrCBflp2sYg7Kmd8M7WZI6YERp24YXQectdwI4c8ZSBy/ES+c/fYAx2gn2Ubyl9nmgTbxjRcrPp013Qf8Bu7/0iww/y+o3VoA92E8zuG3azFg4QPh+sSTHxpwMU7OCgiYv1DyCKx3JieKmMe8ItAtllPnb8zOsY4sXli9bF5mGqlob4tlIt9eCHM+8piJTd8P/ymjyso6Gw==\n",
            "public_key_pem": "-----BEGIN PUBLIC KEY-----\nMIICIjANBgkqhkiG9w0BAQEFAAOCAg8AMIICCgKCAgEApZ9LFPjoBFNq266EWVXm\nEbXIeeKjCHJCCrYcQP9jJZbsYsauXUcjj8zu47CXoTAU6n0onveNzidZsSXGnShg\naoldrp18wiWxmUXRaGHRoKnwHGgBO7fPwKpuwY2QTOAxkqIwRK2xL+/z+2KrADTD\nAfBi5Mpy67SYPiZltvZPV2CMxwHNNWtUunWnup8WDxxOLZJOjGPU3RZ1nLoYarvS\nHugJrbViqhREsvqKVRVReyNEkpNgmy2T2T7kwoOiOwYN5FJb8y/3Zn+oy0v++ZRl\nFrYC5SXgBPd+xFdS/jiTXYiLGhJEw+clHGf/b3W9Wwu64ojPE96PMk1WAkz9Ko18\n6P8iAuQ1Os0zfU05nSW5/faLutqc8JI3HXJb/Spv2jg1EXzoS0p4KRXcxvkCuJ7n\nof4YvqVd7am8n+hcr1Ps06Hta/04GvSa0s6ljlQlky//GIvPSypLigHCwqfb1DlT\nBzdg19XRviP5k6wgX5adrGIOypnfDO1mSOmBEaduGF0HnLXcCOHPGUgcvxEvnP32\nAMdoJ9lG8pfZ5oE28Y0XKz6dNd0H/Abu/9IsMP8vqN1aAPdhPM7ht2sxYOED4frE\nkx8acDFOzgoImL9Q8gisdyYnipjHvCLQLZZT52/MzrGOLF5YvWxeZhqpaG+LZSLf\nXghzPvKYiU3fD/8po8rKOhsCAwEAAQ==\n-----END PUBLIC KEY-----\n",
            "rsa_bits": 4096
          },
          "sensitive_attributes": []
        }
      ]
    }
  ],
  "check_results": null
}
